
Microsoft Visual Studio Solution File, Format Version 12.00
# Visual Studio Version 17
VisualStudioVersion = 17.14.36202.13
MinimumVisualStudioVersion = 10.0.40219.1
Project("{FAE04EC0-301F-11D3-BF4B-00C04F79EFBC}") = "Bridge", "Bridge\Bridge.csproj", "{8A95FA36-1A47-40C9-88A9-109DCFD4E2BB}"
EndProject
Project("{FAE04EC0-301F-11D3-BF4B-00C04F79EFBC}") = "BridgeTests", "BridgeTests\BridgeTests.csproj", "{A71B352F-9DB9-4D53-917F-3B2C7AA7FA2A}"
EndProject
Project("{FAE04EC0-301F-11D3-BF4B-00C04F79EFBC}") = "StoreBaeltTicketLibrary", "StoreBaeltTicketLibrary\StoreBaeltTicketLibrary.csproj", "{AB4AF8A8-601E-4EE4-8313-918BE6836E4A}"
EndProject
Project("{FAE04EC0-301F-11D3-BF4B-00C04F79EFBC}") = "StoreBaeltTicketLibraryTests", "StoreBaeltTicketLibraryTests\StoreBaeltTicketLibraryTests.csproj", "{909EA3C0-DF6A-4361-8EBE-84085B498D06}"
EndProject
Project("{FAE04EC0-301F-11D3-BF4B-00C04F79EFBC}") = "OresundBronTicketLibrary", "OresundBronTicketLibrary\OresundBronTicketLibrary.csproj", "{804E4571-A713-4A6B-92BF-5BD5CC208634}"
EndProject
Project("{FAE04EC0-301F-11D3-BF4B-00C04F79EFBC}") = "OresundBronTicketLibraryTests", "OresundBronTicketLibraryTests\OresundBronTicketLibraryTests.csproj", "{C0B7195E-39E8-4829-ABE3-12993023EAFD}"
EndProject
Global
	GlobalSection(SolutionConfigurationPlatforms) = preSolution
		Debug|Any CPU = Debug|Any CPU
		Release|Any CPU = Release|Any CPU
	EndGlobalSection
	GlobalSection(ProjectConfigurationPlatforms) = postSolution
		{8A95FA36-1A47-40C9-88A9-109DCFD4E2BB}.Debug|Any CPU.ActiveCfg = Debug|Any CPU
		{8A95FA36-1A47-40C9-88A9-109DCFD4E2BB}.Debug|Any CPU.Build.0 = Debug|Any CPU
		{8A95FA36-1A47-40C9-88A9-109DCFD4E2BB}.Release|Any CPU.ActiveCfg = Release|Any CPU
		{8A95FA36-1A47-40C9-88A9-109DCFD4E2BB}.Release|Any CPU.Build.0 = Release|Any CPU
		{A71B352F-9DB9-4D53-917F-3B2C7AA7FA2A}.Debug|Any CPU.ActiveCfg = Debug|Any CPU
		{A71B352F-9DB9-4D53-917F-3B2C7AA7FA2A}.Debug|Any CPU.Build.0 = Debug|Any CPU
		{A71B352F-9DB9-4D53-917F-3B2C7AA7FA2A}.Release|Any CPU.ActiveCfg = Release|Any CPU
		{A71B352F-9DB9-4D53-917F-3B2C7AA7FA2A}.Release|Any CPU.Build.0 = Release|Any CPU
		{AB4AF8A8-601E-4EE4-8313-918BE6836E4A}.Debug|Any CPU.ActiveCfg = Debug|Any CPU
		{AB4AF8A8-601E-4EE4-8313-918BE6836E4A}.Debug|Any CPU.Build.0 = Debug|Any CPU
		{AB4AF8A8-601E-4EE4-8313-918BE6836E4A}.Release|Any CPU.ActiveCfg = Release|Any CPU
		{AB4AF8A8-601E-4EE4-8313-918BE6836E4A}.Release|Any CPU.Build.0 = Release|Any CPU
		{909EA3C0-DF6A-4361-8EBE-84085B498D06}.Debug|Any CPU.ActiveCfg = Debug|Any CPU
		{909EA3C0-DF6A-4361-8EBE-84085B498D06}.Debug|Any CPU.Build.0 = Debug|Any CPU
		{909EA3C0-DF6A-4361-8EBE-84085B498D06}.Release|Any CPU.ActiveCfg = Release|Any CPU
		{909EA3C0-DF6A-4361-8EBE-84085B498D06}.Release|Any CPU.Build.0 = Release|Any CPU
		{804E4571-A713-4A6B-92BF-5BD5CC208634}.Debug|Any CPU.ActiveCfg = Debug|Any CPU
		{804E4571-A713-4A6B-92BF-5BD5CC208634}.Debug|Any CPU.Build.0 = Debug|Any CPU
		{804E4571-A713-4A6B-92BF-5BD5CC208634}.Release|Any CPU.ActiveCfg = Release|Any CPU
		{804E4571-A713-4A6B-92BF-5BD5CC208634}.Release|Any CPU.Build.0 = Release|Any CPU
		{C0B7195E-39E8-4829-ABE3-12993023EAFD}.Debug|Any CPU.ActiveCfg = Debug|Any CPU
		{C0B7195E-39E8-4829-ABE3-12993023EAFD}.Debug|Any CPU.Build.0 = Debug|Any CPU
		{C0B7195E-39E8-4829-ABE3-12993023EAFD}.Release|Any CPU.ActiveCfg = Release|Any CPU
		{C0B7195E-39E8-4829-ABE3-12993023EAFD}.Release|Any CPU.Build.0 = Release|Any CPU
	EndGlobalSection
	GlobalSection(SolutionProperties) = preSolution
		HideSolutionNode = FALSE
	EndGlobalSection
	GlobalSection(ExtensibilityGlobals) = postSolution
		SolutionGuid = {39D62D77-71FC-44FA-B8DA-9391B8335C9B}
	EndGlobalSection
EndGlobal
